<?xml version="1.0" encoding="UTF-8"?>
<CodeBlocks_project_file>
	<FileVersion major="1" minor="6"/>
	<Project>
		<Option title="remote_control_car"/>
		<Option makefile_is_custom="1"/>
		<Option compiler="gcc"/>
		<Option virtualFolders="CMake Files\;CMake Files\tools\;CMake Files\tools\CMakeModules\;CMake Files\core\;CMake Files\core\HTU21D\;CMake Files\core\MPL3115A2\;CMake Files\core\ALS31300\;"/>
		<Build>
			<Target title="all">
				<Option working_dir="/home/uberslam/Documents/semi-autonomous-rc-car/release"/>
				<Option type="4"/>
				<MakeCommands>
					<Build command="/usr/bin/make -j12 -f &quot;/home/uberslam/Documents/semi-autonomous-rc-car/release/Makefile&quot;  VERBOSE=1 all"/>
					<CompileFile command="/usr/bin/make -j12 -f &quot;/home/uberslam/Documents/semi-autonomous-rc-car/release/Makefile&quot;  VERBOSE=1 &quot;$file&quot;"/>
					<Clean command="/usr/bin/make -j12 -f &quot;/home/uberslam/Documents/semi-autonomous-rc-car/release/Makefile&quot;  VERBOSE=1 clean"/>
					<DistClean command="/usr/bin/make -j12 -f &quot;/home/uberslam/Documents/semi-autonomous-rc-car/release/Makefile&quot;  VERBOSE=1 clean"/>
				</MakeCommands>
			</Target>
			<Target title="rebuild_cache">
				<Option working_dir="/home/uberslam/Documents/semi-autonomous-rc-car/release"/>
				<Option type="4"/>
				<MakeCommands>
					<Build command="/usr/bin/make -j12 -f &quot;/home/uberslam/Documents/semi-autonomous-rc-car/release/Makefile&quot;  VERBOSE=1 rebuild_cache"/>
					<CompileFile command="/usr/bin/make -j12 -f &quot;/home/uberslam/Documents/semi-autonomous-rc-car/release/Makefile&quot;  VERBOSE=1 &quot;$file&quot;"/>
					<Clean command="/usr/bin/make -j12 -f &quot;/home/uberslam/Documents/semi-autonomous-rc-car/release/Makefile&quot;  VERBOSE=1 clean"/>
					<DistClean command="/usr/bin/make -j12 -f &quot;/home/uberslam/Documents/semi-autonomous-rc-car/release/Makefile&quot;  VERBOSE=1 clean"/>
				</MakeCommands>
			</Target>
			<Target title="remote_control_car">
				<Option output="/home/uberslam/Documents/semi-autonomous-rc-car/release/bin/remote_control_car" prefix_auto="0" extension_auto="0"/>
				<Option working_dir="/home/uberslam/Documents/semi-autonomous-rc-car/release/bin"/>
				<Option object_output="./"/>
				<Option type="1"/>
				<Option compiler="gcc"/>
				<Compiler>
					<Add directory="/home/uberslam/Documents/semi-autonomous-rc-car/lib/mbed-os/sources/mbed-os-5.8.3"/>
					<Add directory="/home/uberslam/Documents/semi-autonomous-rc-car/lib/mbed-os/sources/mbed-os-5.8.3/cmsis"/>
					<Add directory="/home/uberslam/Documents/semi-autonomous-rc-car/lib/mbed-os/sources/mbed-os-5.8.3/cmsis/TARGET_CORTEX_M"/>
					<Add directory="/home/uberslam/Documents/semi-autonomous-rc-car/lib/mbed-os/sources/mbed-os-5.8.3/drivers"/>
					<Add directory="/home/uberslam/Documents/semi-autonomous-rc-car/lib/mbed-os/sources/mbed-os-5.8.3/events"/>
					<Add directory="/home/uberslam/Documents/semi-autonomous-rc-car/lib/mbed-os/sources/mbed-os-5.8.3/events/equeue"/>
					<Add directory="/home/uberslam/Documents/semi-autonomous-rc-car/lib/mbed-os/sources/mbed-os-5.8.3/features"/>
					<Add directory="/home/uberslam/Documents/semi-autonomous-rc-car/lib/mbed-os/sources/mbed-os-5.8.3/features/FEATURE_UVISOR"/>
					<Add directory="/home/uberslam/Documents/semi-autonomous-rc-car/lib/mbed-os/sources/mbed-os-5.8.3/features/FEATURE_UVISOR/importer"/>
					<Add directory="/home/uberslam/Documents/semi-autonomous-rc-car/lib/mbed-os/sources/mbed-os-5.8.3/features/FEATURE_UVISOR/includes"/>
					<Add directory="/home/uberslam/Documents/semi-autonomous-rc-car/lib/mbed-os/sources/mbed-os-5.8.3/features/FEATURE_UVISOR/includes/uvisor"/>
					<Add directory="/home/uberslam/Documents/semi-autonomous-rc-car/lib/mbed-os/sources/mbed-os-5.8.3/features/FEATURE_UVISOR/includes/uvisor/api"/>
					<Add directory="/home/uberslam/Documents/semi-autonomous-rc-car/lib/mbed-os/sources/mbed-os-5.8.3/features/FEATURE_UVISOR/includes/uvisor/api/inc"/>
					<Add directory="/home/uberslam/Documents/semi-autonomous-rc-car/lib/mbed-os/sources/mbed-os-5.8.3/features/FEATURE_UVISOR/includes/uvisor-lib"/>
					<Add directory="/home/uberslam/Documents/semi-autonomous-rc-car/lib/mbed-os/sources/mbed-os-5.8.3/features/FEATURE_UVISOR/includes/uvisor-lib/rtx"/>
					<Add directory="/home/uberslam/Documents/semi-autonomous-rc-car/lib/mbed-os/sources/mbed-os-5.8.3/features/FEATURE_UVISOR/source"/>
					<Add directory="/home/uberslam/Documents/semi-autonomous-rc-car/lib/mbed-os/sources/mbed-os-5.8.3/features/FEATURE_UVISOR/source/rtx"/>
					<Add directory="/home/uberslam/Documents/semi-autonomous-rc-car/lib/mbed-os/sources/mbed-os-5.8.3/features/FEATURE_UVISOR/targets"/>
					<Add directory="/home/uberslam/Documents/semi-autonomous-rc-car/lib/mbed-os/sources/mbed-os-5.8.3/features/FEATURE_UVISOR/targets/TARGET_UVISOR_SUPPORTED/TARGET_EFM32/TARGET_DEBUG/TARGET_M3"/>
					<Add directory="/home/uberslam/Documents/semi-autonomous-rc-car/lib/mbed-os/sources/mbed-os-5.8.3/features/FEATURE_UVISOR/targets/TARGET_UVISOR_SUPPORTED/TARGET_EFM32/TARGET_RELEASE/TARGET_M3"/>
					<Add directory="/home/uberslam/Documents/semi-autonomous-rc-car/lib/mbed-os/sources/mbed-os-5.8.3/features/FEATURE_UVISOR/targets/TARGET_UVISOR_UNSUPPORTED"/>
					<Add directory="/home/uberslam/Documents/semi-autonomous-rc-car/lib/mbed-os/sources/mbed-os-5.8.3/features/cellular"/>
					<Add directory="/home/uberslam/Documents/semi-autonomous-rc-car/lib/mbed-os/sources/mbed-os-5.8.3/features/cellular/easy_cellular"/>
					<Add directory="/home/uberslam/Documents/semi-autonomous-rc-car/lib/mbed-os/sources/mbed-os-5.8.3/features/cellular/framework"/>
					<Add directory="/home/uberslam/Documents/semi-autonomous-rc-car/lib/mbed-os/sources/mbed-os-5.8.3/features/cellular/framework/API"/>
					<Add directory="/home/uberslam/Documents/semi-autonomous-rc-car/lib/mbed-os/sources/mbed-os-5.8.3/features/cellular/framework/AT"/>
					<Add directory="/home/uberslam/Documents/semi-autonomous-rc-car/lib/mbed-os/sources/mbed-os-5.8.3/features/cellular/framework/common"/>
					<Add directory="/home/uberslam/Documents/semi-autonomous-rc-car/lib/mbed-os/sources/mbed-os-5.8.3/features/cellular/framework/targets"/>
					<Add directory="/home/uberslam/Documents/semi-autonomous-rc-car/lib/mbed-os/sources/mbed-os-5.8.3/features/cellular/framework/targets/QUECTEL"/>
					<Add directory="/home/uberslam/Documents/semi-autonomous-rc-car/lib/mbed-os/sources/mbed-os-5.8.3/features/cellular/framework/targets/QUECTEL/BC95"/>
					<Add directory="/home/uberslam/Documents/semi-autonomous-rc-car/lib/mbed-os/sources/mbed-os-5.8.3/features/cellular/framework/targets/QUECTEL/BG96"/>
					<Add directory="/home/uberslam/Documents/semi-autonomous-rc-car/lib/mbed-os/sources/mbed-os-5.8.3/features/cellular/framework/targets/TELIT"/>
					<Add directory="/home/uberslam/Documents/semi-autonomous-rc-car/lib/mbed-os/sources/mbed-os-5.8.3/features/cellular/framework/targets/TELIT/HE910"/>
					<Add directory="/home/uberslam/Documents/semi-autonomous-rc-car/lib/mbed-os/sources/mbed-os-5.8.3/features/cellular/framework/targets/UBLOX"/>
					<Add directory="/home/uberslam/Documents/semi-autonomous-rc-car/lib/mbed-os/sources/mbed-os-5.8.3/features/cellular/framework/targets/UBLOX/LISA_U"/>
					<Add directory="/home/uberslam/Documents/semi-autonomous-rc-car/lib/mbed-os/sources/mbed-os-5.8.3/features/filesystem"/>
					<Add directory="/home/uberslam/Documents/semi-autonomous-rc-car/lib/mbed-os/sources/mbed-os-5.8.3/features/filesystem/bd"/>
					<Add directory="/home/uberslam/Documents/semi-autonomous-rc-car/lib/mbed-os/sources/mbed-os-5.8.3/features/filesystem/fat"/>
					<Add directory="/home/uberslam/Documents/semi-autonomous-rc-car/lib/mbed-os/sources/mbed-os-5.8.3/features/filesystem/fat/ChaN"/>
					<Add directory="/home/uberslam/Documents/semi-autonomous-rc-car/lib/mbed-os/sources/mbed-os-5.8.3/features/filesystem/littlefs"/>
					<Add directory="/home/uberslam/Documents/semi-autonomous-rc-car/lib/mbed-os/sources/mbed-os-5.8.3/features/filesystem/littlefs/littlefs"/>
					<Add directory="/home/uberslam/Documents/semi-autonomous-rc-car/lib/mbed-os/sources/mbed-os-5.8.3/features/frameworks"/>
					<Add directory="/home/uberslam/Documents/semi-autonomous-rc-car/lib/mbed-os/sources/mbed-os-5.8.3/features/frameworks/greentea-client"/>
					<Add directory="/home/uberslam/Documents/semi-autonomous-rc-car/lib/mbed-os/sources/mbed-os-5.8.3/features/frameworks/greentea-client/greentea-client"/>
					<Add directory="/home/uberslam/Documents/semi-autonomous-rc-car/lib/mbed-os/sources/mbed-os-5.8.3/features/frameworks/greentea-client/source"/>
					<Add directory="/home/uberslam/Documents/semi-autonomous-rc-car/lib/mbed-os/sources/mbed-os-5.8.3/features/frameworks/unity"/>
					<Add directory="/home/uberslam/Documents/semi-autonomous-rc-car/lib/mbed-os/sources/mbed-os-5.8.3/features/frameworks/unity/source"/>
					<Add directory="/home/uberslam/Documents/semi-autonomous-rc-car/lib/mbed-os/sources/mbed-os-5.8.3/features/frameworks/unity/unity"/>
					<Add directory="/home/uberslam/Documents/semi-autonomous-rc-car/lib/mbed-os/sources/mbed-os-5.8.3/features/frameworks/utest"/>
					<Add directory="/home/uberslam/Documents/semi-autonomous-rc-car/lib/mbed-os/sources/mbed-os-5.8.3/features/frameworks/utest/source"/>
					<Add directory="/home/uberslam/Documents/semi-autonomous-rc-car/lib/mbed-os/sources/mbed-os-5.8.3/features/frameworks/utest/utest"/>
					<Add directory="/home/uberslam/Documents/semi-autonomous-rc-car/lib/mbed-os/sources/mbed-os-5.8.3/features/lorawan"/>
					<Add directory="/home/uberslam/Documents/semi-autonomous-rc-car/lib/mbed-os/sources/mbed-os-5.8.3/features/lorawan/lorastack"/>
					<Add directory="/home/uberslam/Documents/semi-autonomous-rc-car/lib/mbed-os/sources/mbed-os-5.8.3/features/lorawan/lorastack/mac"/>
					<Add directory="/home/uberslam/Documents/semi-autonomous-rc-car/lib/mbed-os/sources/mbed-os-5.8.3/features/lorawan/lorastack/phy"/>
					<Add directory="/home/uberslam/Documents/semi-autonomous-rc-car/lib/mbed-os/sources/mbed-os-5.8.3/features/lorawan/system"/>
					<Add directory="/home/uberslam/Documents/semi-autonomous-rc-car/lib/mbed-os/sources/mbed-os-5.8.3/features/mbedtls"/>
					<Add directory="/home/uberslam/Documents/semi-autonomous-rc-car/lib/mbed-os/sources/mbed-os-5.8.3/features/mbedtls/importer"/>
					<Add directory="/home/uberslam/Documents/semi-autonomous-rc-car/lib/mbed-os/sources/mbed-os-5.8.3/features/mbedtls/inc"/>
					<Add directory="/home/uberslam/Documents/semi-autonomous-rc-car/lib/mbed-os/sources/mbed-os-5.8.3/features/mbedtls/inc/mbedtls"/>
					<Add directory="/home/uberslam/Documents/semi-autonomous-rc-car/lib/mbed-os/sources/mbed-os-5.8.3/features/mbedtls/platform"/>
					<Add directory="/home/uberslam/Documents/semi-autonomous-rc-car/lib/mbed-os/sources/mbed-os-5.8.3/features/mbedtls/platform/inc"/>
					<Add directory="/home/uberslam/Documents/semi-autonomous-rc-car/lib/mbed-os/sources/mbed-os-5.8.3/features/mbedtls/platform/src"/>
					<Add directory="/home/uberslam/Documents/semi-autonomous-rc-car/lib/mbed-os/sources/mbed-os-5.8.3/features/mbedtls/src"/>
					<Add directory="/home/uberslam/Documents/semi-autonomous-rc-car/lib/mbed-os/sources/mbed-os-5.8.3/features/mbedtls/targets"/>
					<Add directory="/home/uberslam/Documents/semi-autonomous-rc-car/lib/mbed-os/sources/mbed-os-5.8.3/features/mbedtls/targets/TARGET_Silicon_Labs"/>
					<Add directory="/home/uberslam/Documents/semi-autonomous-rc-car/lib/mbed-os/sources/mbed-os-5.8.3/features/nanostack"/>
					<Add directory="/home/uberslam/Documents/semi-autonomous-rc-car/lib/mbed-os/sources/mbed-os-5.8.3/features/netsocket"/>
					<Add directory="/home/uberslam/Documents/semi-autonomous-rc-car/lib/mbed-os/sources/mbed-os-5.8.3/features/netsocket/cellular"/>
					<Add directory="/home/uberslam/Documents/semi-autonomous-rc-car/lib/mbed-os/sources/mbed-os-5.8.3/features/netsocket/cellular/generic_modem_driver"/>
					<Add directory="/home/uberslam/Documents/semi-autonomous-rc-car/lib/mbed-os/sources/mbed-os-5.8.3/features/nvstore"/>
					<Add directory="/home/uberslam/Documents/semi-autonomous-rc-car/lib/mbed-os/sources/mbed-os-5.8.3/features/nvstore/source"/>
					<Add directory="/home/uberslam/Documents/semi-autonomous-rc-car/lib/mbed-os/sources/mbed-os-5.8.3/features/storage"/>
					<Add directory="/home/uberslam/Documents/semi-autonomous-rc-car/lib/mbed-os/sources/mbed-os-5.8.3/hal"/>
					<Add directory="/home/uberslam/Documents/semi-autonomous-rc-car/lib/mbed-os/sources/mbed-os-5.8.3/hal/storage_abstraction"/>
					<Add directory="/home/uberslam/Documents/semi-autonomous-rc-car/lib/mbed-os/sources/mbed-os-5.8.3/platform"/>
					<Add directory="/home/uberslam/Documents/semi-autonomous-rc-car/lib/mbed-os/sources/mbed-os-5.8.3/rtos"/>
					<Add directory="/home/uberslam/Documents/semi-autonomous-rc-car/lib/mbed-os/sources/mbed-os-5.8.3/rtos/TARGET_CORTEX"/>
					<Add directory="/home/uberslam/Documents/semi-autonomous-rc-car/lib/mbed-os/sources/mbed-os-5.8.3/rtos/TARGET_CORTEX/TARGET_CORTEX_M"/>
					<Add directory="/home/uberslam/Documents/semi-autonomous-rc-car/lib/mbed-os/sources/mbed-os-5.8.3/rtos/TARGET_CORTEX/TARGET_CORTEX_M/TOOLCHAIN_GCC"/>
					<Add directory="/home/uberslam/Documents/semi-autonomous-rc-car/lib/mbed-os/sources/mbed-os-5.8.3/rtos/TARGET_CORTEX/rtx4"/>
					<Add directory="/home/uberslam/Documents/semi-autonomous-rc-car/lib/mbed-os/sources/mbed-os-5.8.3/rtos/TARGET_CORTEX/rtx5"/>
					<Add directory="/home/uberslam/Documents/semi-autonomous-rc-car/lib/mbed-os/sources/mbed-os-5.8.3/rtos/TARGET_CORTEX/rtx5/Include"/>
					<Add directory="/home/uberslam/Documents/semi-autonomous-rc-car/lib/mbed-os/sources/mbed-os-5.8.3/rtos/TARGET_CORTEX/rtx5/RTX"/>
					<Add directory="/home/uberslam/Documents/semi-autonomous-rc-car/lib/mbed-os/sources/mbed-os-5.8.3/rtos/TARGET_CORTEX/rtx5/RTX/Config"/>
					<Add directory="/home/uberslam/Documents/semi-autonomous-rc-car/lib/mbed-os/sources/mbed-os-5.8.3/rtos/TARGET_CORTEX/rtx5/RTX/Include"/>
					<Add directory="/home/uberslam/Documents/semi-autonomous-rc-car/lib/mbed-os/sources/mbed-os-5.8.3/rtos/TARGET_CORTEX/rtx5/RTX/Source"/>
					<Add directory="/home/uberslam/Documents/semi-autonomous-rc-car/lib/mbed-os/sources/mbed-os-5.8.3/rtos/TARGET_CORTEX/rtx5/RTX/Source/TOOLCHAIN_GCC"/>
					<Add directory="/home/uberslam/Documents/semi-autonomous-rc-car/lib/mbed-os/sources/mbed-os-5.8.3/rtos/TARGET_CORTEX/rtx5/RTX/Source/TOOLCHAIN_GCC/TARGET_M3"/>
					<Add directory="/home/uberslam/Documents/semi-autonomous-rc-car/lib/mbed-os/sources/mbed-os-5.8.3/rtos/TARGET_CORTEX/rtx5/Source"/>
					<Add directory="/home/uberslam/Documents/semi-autonomous-rc-car/lib/mbed-os/sources/mbed-os-5.8.3/targets"/>
					<Add directory="/home/uberslam/Documents/semi-autonomous-rc-car/lib/mbed-os/sources/mbed-os-5.8.3/targets/TARGET_Silicon_Labs"/>
					<Add directory="/home/uberslam/Documents/semi-autonomous-rc-car/lib/mbed-os/sources/mbed-os-5.8.3/targets/TARGET_Silicon_Labs/TARGET_EFM32"/>
					<Add directory="/home/uberslam/Documents/semi-autonomous-rc-car/lib/mbed-os/sources/mbed-os-5.8.3/targets/TARGET_Silicon_Labs/TARGET_EFM32/TARGET_EFM32GG"/>
					<Add directory="/home/uberslam/Documents/semi-autonomous-rc-car/lib/mbed-os/sources/mbed-os-5.8.3/targets/TARGET_Silicon_Labs/TARGET_EFM32/TARGET_EFM32GG/TARGET_EFM32GG_STK3700"/>
					<Add directory="/home/uberslam/Documents/semi-autonomous-rc-car/lib/mbed-os/sources/mbed-os-5.8.3/targets/TARGET_Silicon_Labs/TARGET_EFM32/TARGET_EFM32GG/device"/>
					<Add directory="/home/uberslam/Documents/semi-autonomous-rc-car/lib/mbed-os/sources/mbed-os-5.8.3/targets/TARGET_Silicon_Labs/TARGET_EFM32/TARGET_EFM32GG/device/TARGET_1024K"/>
					<Add directory="/home/uberslam/Documents/semi-autonomous-rc-car/lib/mbed-os/sources/mbed-os-5.8.3/targets/TARGET_Silicon_Labs/TARGET_EFM32/TARGET_EFM32GG/device/TARGET_1024K/TOOLCHAIN_GCC_ARM"/>
					<Add directory="/home/uberslam/Documents/semi-autonomous-rc-car/lib/mbed-os/sources/mbed-os-5.8.3/targets/TARGET_Silicon_Labs/TARGET_EFM32/common"/>
					<Add directory="/home/uberslam/Documents/semi-autonomous-rc-car/lib/mbed-os/sources/mbed-os-5.8.3/targets/TARGET_Silicon_Labs/TARGET_EFM32/emlib"/>
					<Add directory="/home/uberslam/Documents/semi-autonomous-rc-car/lib/mbed-os/sources/mbed-os-5.8.3/targets/TARGET_Silicon_Labs/TARGET_EFM32/emlib/inc"/>
					<Add directory="/home/uberslam/Documents/semi-autonomous-rc-car/lib/mbed-os/sources/mbed-os-5.8.3/targets/TARGET_Silicon_Labs/TARGET_EFM32/emlib/src"/>
					<Add directory="/home/uberslam/Documents/semi-autonomous-rc-car/lib/mbed-os/sources/mbed-os-5.8.3/targets/TARGET_Silicon_Labs/TARGET_EFM32/trng"/>
					<Add directory="/home/uberslam/Documents/semi-autonomous-rc-car/include"/>
					<Add directory="/home/uberslam/Documents/semi-autonomous-rc-car/core/command-dispatcher/include"/>
					<Add directory="/home/uberslam/Documents/semi-autonomous-rc-car/core/HTU21D"/>
					<Add directory="/home/uberslam/Documents/semi-autonomous-rc-car/core/MPL3115A2"/>
					<Add directory="/home/uberslam/Documents/semi-autonomous-rc-car/core/ALS31300"/>
					<Add directory="/home/uberslam/Documents/semi-autonomous-rc-car/core/LCDDisplay"/>
					<Add directory="/home/uberslam/Documents/semi-autonomous-rc-car/lib/mbed-os/libs/EFM32GG_STK3700"/>
					<Add directory="/home/uberslam/Documents/semi-autonomous-rc-car/lib/mbed-os/config/EFM32GG_STK3700"/>
					<Add directory="/home/uberslam/Documents/semi-autonomous-rc-car/tools/arm-gcc-toolchain/gcc-arm-none-eabi-7-2017-q4-major/bin/../lib/gcc/arm-none-eabi/7.2.1/../../../../arm-none-eabi/include/c++/7.2.1"/>
					<Add directory="/home/uberslam/Documents/semi-autonomous-rc-car/tools/arm-gcc-toolchain/gcc-arm-none-eabi-7-2017-q4-major/bin/../lib/gcc/arm-none-eabi/7.2.1/../../../../arm-none-eabi/include/c++/7.2.1/arm-none-eabi"/>
					<Add directory="/home/uberslam/Documents/semi-autonomous-rc-car/tools/arm-gcc-toolchain/gcc-arm-none-eabi-7-2017-q4-major/bin/../lib/gcc/arm-none-eabi/7.2.1/../../../../arm-none-eabi/include/c++/7.2.1/backward"/>
					<Add directory="/home/uberslam/Documents/semi-autonomous-rc-car/tools/arm-gcc-toolchain/gcc-arm-none-eabi-7-2017-q4-major/bin/../lib/gcc/arm-none-eabi/7.2.1/include"/>
					<Add directory="/home/uberslam/Documents/semi-autonomous-rc-car/tools/arm-gcc-toolchain/gcc-arm-none-eabi-7-2017-q4-major/bin/../lib/gcc/arm-none-eabi/7.2.1/include-fixed"/>
					<Add directory="/home/uberslam/Documents/semi-autonomous-rc-car/tools/arm-gcc-toolchain/gcc-arm-none-eabi-7-2017-q4-major/bin/../lib/gcc/arm-none-eabi/7.2.1/../../../../arm-none-eabi/include"/>
				</Compiler>
				<MakeCommands>
					<Build command="/usr/bin/make -j12 -f &quot;/home/uberslam/Documents/semi-autonomous-rc-car/release/Makefile&quot;  VERBOSE=1 remote_control_car"/>
					<CompileFile command="/usr/bin/make -j12 -f &quot;/home/uberslam/Documents/semi-autonomous-rc-car/release/Makefile&quot;  VERBOSE=1 &quot;$file&quot;"/>
					<Clean command="/usr/bin/make -j12 -f &quot;/home/uberslam/Documents/semi-autonomous-rc-car/release/Makefile&quot;  VERBOSE=1 clean"/>
					<DistClean command="/usr/bin/make -j12 -f &quot;/home/uberslam/Documents/semi-autonomous-rc-car/release/Makefile&quot;  VERBOSE=1 clean"/>
				</MakeCommands>
			</Target>
			<Target title="remote_control_car/fast">
				<Option output="/home/uberslam/Documents/semi-autonomous-rc-car/release/bin/remote_control_car" prefix_auto="0" extension_auto="0"/>
				<Option working_dir="/home/uberslam/Documents/semi-autonomous-rc-car/release/bin"/>
				<Option object_output="./"/>
				<Option type="1"/>
				<Option compiler="gcc"/>
				<Compiler>
					<Add directory="/home/uberslam/Documents/semi-autonomous-rc-car/lib/mbed-os/sources/mbed-os-5.8.3"/>
					<Add directory="/home/uberslam/Documents/semi-autonomous-rc-car/lib/mbed-os/sources/mbed-os-5.8.3/cmsis"/>
					<Add directory="/home/uberslam/Documents/semi-autonomous-rc-car/lib/mbed-os/sources/mbed-os-5.8.3/cmsis/TARGET_CORTEX_M"/>
					<Add directory="/home/uberslam/Documents/semi-autonomous-rc-car/lib/mbed-os/sources/mbed-os-5.8.3/drivers"/>
					<Add directory="/home/uberslam/Documents/semi-autonomous-rc-car/lib/mbed-os/sources/mbed-os-5.8.3/events"/>
					<Add directory="/home/uberslam/Documents/semi-autonomous-rc-car/lib/mbed-os/sources/mbed-os-5.8.3/events/equeue"/>
					<Add directory="/home/uberslam/Documents/semi-autonomous-rc-car/lib/mbed-os/sources/mbed-os-5.8.3/features"/>
					<Add directory="/home/uberslam/Documents/semi-autonomous-rc-car/lib/mbed-os/sources/mbed-os-5.8.3/features/FEATURE_UVISOR"/>
					<Add directory="/home/uberslam/Documents/semi-autonomous-rc-car/lib/mbed-os/sources/mbed-os-5.8.3/features/FEATURE_UVISOR/importer"/>
					<Add directory="/home/uberslam/Documents/semi-autonomous-rc-car/lib/mbed-os/sources/mbed-os-5.8.3/features/FEATURE_UVISOR/includes"/>
					<Add directory="/home/uberslam/Documents/semi-autonomous-rc-car/lib/mbed-os/sources/mbed-os-5.8.3/features/FEATURE_UVISOR/includes/uvisor"/>
					<Add directory="/home/uberslam/Documents/semi-autonomous-rc-car/lib/mbed-os/sources/mbed-os-5.8.3/features/FEATURE_UVISOR/includes/uvisor/api"/>
					<Add directory="/home/uberslam/Documents/semi-autonomous-rc-car/lib/mbed-os/sources/mbed-os-5.8.3/features/FEATURE_UVISOR/includes/uvisor/api/inc"/>
					<Add directory="/home/uberslam/Documents/semi-autonomous-rc-car/lib/mbed-os/sources/mbed-os-5.8.3/features/FEATURE_UVISOR/includes/uvisor-lib"/>
					<Add directory="/home/uberslam/Documents/semi-autonomous-rc-car/lib/mbed-os/sources/mbed-os-5.8.3/features/FEATURE_UVISOR/includes/uvisor-lib/rtx"/>
					<Add directory="/home/uberslam/Documents/semi-autonomous-rc-car/lib/mbed-os/sources/mbed-os-5.8.3/features/FEATURE_UVISOR/source"/>
					<Add directory="/home/uberslam/Documents/semi-autonomous-rc-car/lib/mbed-os/sources/mbed-os-5.8.3/features/FEATURE_UVISOR/source/rtx"/>
					<Add directory="/home/uberslam/Documents/semi-autonomous-rc-car/lib/mbed-os/sources/mbed-os-5.8.3/features/FEATURE_UVISOR/targets"/>
					<Add directory="/home/uberslam/Documents/semi-autonomous-rc-car/lib/mbed-os/sources/mbed-os-5.8.3/features/FEATURE_UVISOR/targets/TARGET_UVISOR_SUPPORTED/TARGET_EFM32/TARGET_DEBUG/TARGET_M3"/>
					<Add directory="/home/uberslam/Documents/semi-autonomous-rc-car/lib/mbed-os/sources/mbed-os-5.8.3/features/FEATURE_UVISOR/targets/TARGET_UVISOR_SUPPORTED/TARGET_EFM32/TARGET_RELEASE/TARGET_M3"/>
					<Add directory="/home/uberslam/Documents/semi-autonomous-rc-car/lib/mbed-os/sources/mbed-os-5.8.3/features/FEATURE_UVISOR/targets/TARGET_UVISOR_UNSUPPORTED"/>
					<Add directory="/home/uberslam/Documents/semi-autonomous-rc-car/lib/mbed-os/sources/mbed-os-5.8.3/features/cellular"/>
					<Add directory="/home/uberslam/Documents/semi-autonomous-rc-car/lib/mbed-os/sources/mbed-os-5.8.3/features/cellular/easy_cellular"/>
					<Add directory="/home/uberslam/Documents/semi-autonomous-rc-car/lib/mbed-os/sources/mbed-os-5.8.3/features/cellular/framework"/>
					<Add directory="/home/uberslam/Documents/semi-autonomous-rc-car/lib/mbed-os/sources/mbed-os-5.8.3/features/cellular/framework/API"/>
					<Add directory="/home/uberslam/Documents/semi-autonomous-rc-car/lib/mbed-os/sources/mbed-os-5.8.3/features/cellular/framework/AT"/>
					<Add directory="/home/uberslam/Documents/semi-autonomous-rc-car/lib/mbed-os/sources/mbed-os-5.8.3/features/cellular/framework/common"/>
					<Add directory="/home/uberslam/Documents/semi-autonomous-rc-car/lib/mbed-os/sources/mbed-os-5.8.3/features/cellular/framework/targets"/>
					<Add directory="/home/uberslam/Documents/semi-autonomous-rc-car/lib/mbed-os/sources/mbed-os-5.8.3/features/cellular/framework/targets/QUECTEL"/>
					<Add directory="/home/uberslam/Documents/semi-autonomous-rc-car/lib/mbed-os/sources/mbed-os-5.8.3/features/cellular/framework/targets/QUECTEL/BC95"/>
					<Add directory="/home/uberslam/Documents/semi-autonomous-rc-car/lib/mbed-os/sources/mbed-os-5.8.3/features/cellular/framework/targets/QUECTEL/BG96"/>
					<Add directory="/home/uberslam/Documents/semi-autonomous-rc-car/lib/mbed-os/sources/mbed-os-5.8.3/features/cellular/framework/targets/TELIT"/>
					<Add directory="/home/uberslam/Documents/semi-autonomous-rc-car/lib/mbed-os/sources/mbed-os-5.8.3/features/cellular/framework/targets/TELIT/HE910"/>
					<Add directory="/home/uberslam/Documents/semi-autonomous-rc-car/lib/mbed-os/sources/mbed-os-5.8.3/features/cellular/framework/targets/UBLOX"/>
					<Add directory="/home/uberslam/Documents/semi-autonomous-rc-car/lib/mbed-os/sources/mbed-os-5.8.3/features/cellular/framework/targets/UBLOX/LISA_U"/>
					<Add directory="/home/uberslam/Documents/semi-autonomous-rc-car/lib/mbed-os/sources/mbed-os-5.8.3/features/filesystem"/>
					<Add directory="/home/uberslam/Documents/semi-autonomous-rc-car/lib/mbed-os/sources/mbed-os-5.8.3/features/filesystem/bd"/>
					<Add directory="/home/uberslam/Documents/semi-autonomous-rc-car/lib/mbed-os/sources/mbed-os-5.8.3/features/filesystem/fat"/>
					<Add directory="/home/uberslam/Documents/semi-autonomous-rc-car/lib/mbed-os/sources/mbed-os-5.8.3/features/filesystem/fat/ChaN"/>
					<Add directory="/home/uberslam/Documents/semi-autonomous-rc-car/lib/mbed-os/sources/mbed-os-5.8.3/features/filesystem/littlefs"/>
					<Add directory="/home/uberslam/Documents/semi-autonomous-rc-car/lib/mbed-os/sources/mbed-os-5.8.3/features/filesystem/littlefs/littlefs"/>
					<Add directory="/home/uberslam/Documents/semi-autonomous-rc-car/lib/mbed-os/sources/mbed-os-5.8.3/features/frameworks"/>
					<Add directory="/home/uberslam/Documents/semi-autonomous-rc-car/lib/mbed-os/sources/mbed-os-5.8.3/features/frameworks/greentea-client"/>
					<Add directory="/home/uberslam/Documents/semi-autonomous-rc-car/lib/mbed-os/sources/mbed-os-5.8.3/features/frameworks/greentea-client/greentea-client"/>
					<Add directory="/home/uberslam/Documents/semi-autonomous-rc-car/lib/mbed-os/sources/mbed-os-5.8.3/features/frameworks/greentea-client/source"/>
					<Add directory="/home/uberslam/Documents/semi-autonomous-rc-car/lib/mbed-os/sources/mbed-os-5.8.3/features/frameworks/unity"/>
					<Add directory="/home/uberslam/Documents/semi-autonomous-rc-car/lib/mbed-os/sources/mbed-os-5.8.3/features/frameworks/unity/source"/>
					<Add directory="/home/uberslam/Documents/semi-autonomous-rc-car/lib/mbed-os/sources/mbed-os-5.8.3/features/frameworks/unity/unity"/>
					<Add directory="/home/uberslam/Documents/semi-autonomous-rc-car/lib/mbed-os/sources/mbed-os-5.8.3/features/frameworks/utest"/>
					<Add directory="/home/uberslam/Documents/semi-autonomous-rc-car/lib/mbed-os/sources/mbed-os-5.8.3/features/frameworks/utest/source"/>
					<Add directory="/home/uberslam/Documents/semi-autonomous-rc-car/lib/mbed-os/sources/mbed-os-5.8.3/features/frameworks/utest/utest"/>
					<Add directory="/home/uberslam/Documents/semi-autonomous-rc-car/lib/mbed-os/sources/mbed-os-5.8.3/features/lorawan"/>
					<Add directory="/home/uberslam/Documents/semi-autonomous-rc-car/lib/mbed-os/sources/mbed-os-5.8.3/features/lorawan/lorastack"/>
					<Add directory="/home/uberslam/Documents/semi-autonomous-rc-car/lib/mbed-os/sources/mbed-os-5.8.3/features/lorawan/lorastack/mac"/>
					<Add directory="/home/uberslam/Documents/semi-autonomous-rc-car/lib/mbed-os/sources/mbed-os-5.8.3/features/lorawan/lorastack/phy"/>
					<Add directory="/home/uberslam/Documents/semi-autonomous-rc-car/lib/mbed-os/sources/mbed-os-5.8.3/features/lorawan/system"/>
					<Add directory="/home/uberslam/Documents/semi-autonomous-rc-car/lib/mbed-os/sources/mbed-os-5.8.3/features/mbedtls"/>
					<Add directory="/home/uberslam/Documents/semi-autonomous-rc-car/lib/mbed-os/sources/mbed-os-5.8.3/features/mbedtls/importer"/>
					<Add directory="/home/uberslam/Documents/semi-autonomous-rc-car/lib/mbed-os/sources/mbed-os-5.8.3/features/mbedtls/inc"/>
					<Add directory="/home/uberslam/Documents/semi-autonomous-rc-car/lib/mbed-os/sources/mbed-os-5.8.3/features/mbedtls/inc/mbedtls"/>
					<Add directory="/home/uberslam/Documents/semi-autonomous-rc-car/lib/mbed-os/sources/mbed-os-5.8.3/features/mbedtls/platform"/>
					<Add directory="/home/uberslam/Documents/semi-autonomous-rc-car/lib/mbed-os/sources/mbed-os-5.8.3/features/mbedtls/platform/inc"/>
					<Add directory="/home/uberslam/Documents/semi-autonomous-rc-car/lib/mbed-os/sources/mbed-os-5.8.3/features/mbedtls/platform/src"/>
					<Add directory="/home/uberslam/Documents/semi-autonomous-rc-car/lib/mbed-os/sources/mbed-os-5.8.3/features/mbedtls/src"/>
					<Add directory="/home/uberslam/Documents/semi-autonomous-rc-car/lib/mbed-os/sources/mbed-os-5.8.3/features/mbedtls/targets"/>
					<Add directory="/home/uberslam/Documents/semi-autonomous-rc-car/lib/mbed-os/sources/mbed-os-5.8.3/features/mbedtls/targets/TARGET_Silicon_Labs"/>
					<Add directory="/home/uberslam/Documents/semi-autonomous-rc-car/lib/mbed-os/sources/mbed-os-5.8.3/features/nanostack"/>
					<Add directory="/home/uberslam/Documents/semi-autonomous-rc-car/lib/mbed-os/sources/mbed-os-5.8.3/features/netsocket"/>
					<Add directory="/home/uberslam/Documents/semi-autonomous-rc-car/lib/mbed-os/sources/mbed-os-5.8.3/features/netsocket/cellular"/>
					<Add directory="/home/uberslam/Documents/semi-autonomous-rc-car/lib/mbed-os/sources/mbed-os-5.8.3/features/netsocket/cellular/generic_modem_driver"/>
					<Add directory="/home/uberslam/Documents/semi-autonomous-rc-car/lib/mbed-os/sources/mbed-os-5.8.3/features/nvstore"/>
					<Add directory="/home/uberslam/Documents/semi-autonomous-rc-car/lib/mbed-os/sources/mbed-os-5.8.3/features/nvstore/source"/>
					<Add directory="/home/uberslam/Documents/semi-autonomous-rc-car/lib/mbed-os/sources/mbed-os-5.8.3/features/storage"/>
					<Add directory="/home/uberslam/Documents/semi-autonomous-rc-car/lib/mbed-os/sources/mbed-os-5.8.3/hal"/>
					<Add directory="/home/uberslam/Documents/semi-autonomous-rc-car/lib/mbed-os/sources/mbed-os-5.8.3/hal/storage_abstraction"/>
					<Add directory="/home/uberslam/Documents/semi-autonomous-rc-car/lib/mbed-os/sources/mbed-os-5.8.3/platform"/>
					<Add directory="/home/uberslam/Documents/semi-autonomous-rc-car/lib/mbed-os/sources/mbed-os-5.8.3/rtos"/>
					<Add directory="/home/uberslam/Documents/semi-autonomous-rc-car/lib/mbed-os/sources/mbed-os-5.8.3/rtos/TARGET_CORTEX"/>
					<Add directory="/home/uberslam/Documents/semi-autonomous-rc-car/lib/mbed-os/sources/mbed-os-5.8.3/rtos/TARGET_CORTEX/TARGET_CORTEX_M"/>
					<Add directory="/home/uberslam/Documents/semi-autonomous-rc-car/lib/mbed-os/sources/mbed-os-5.8.3/rtos/TARGET_CORTEX/TARGET_CORTEX_M/TOOLCHAIN_GCC"/>
					<Add directory="/home/uberslam/Documents/semi-autonomous-rc-car/lib/mbed-os/sources/mbed-os-5.8.3/rtos/TARGET_CORTEX/rtx4"/>
					<Add directory="/home/uberslam/Documents/semi-autonomous-rc-car/lib/mbed-os/sources/mbed-os-5.8.3/rtos/TARGET_CORTEX/rtx5"/>
					<Add directory="/home/uberslam/Documents/semi-autonomous-rc-car/lib/mbed-os/sources/mbed-os-5.8.3/rtos/TARGET_CORTEX/rtx5/Include"/>
					<Add directory="/home/uberslam/Documents/semi-autonomous-rc-car/lib/mbed-os/sources/mbed-os-5.8.3/rtos/TARGET_CORTEX/rtx5/RTX"/>
					<Add directory="/home/uberslam/Documents/semi-autonomous-rc-car/lib/mbed-os/sources/mbed-os-5.8.3/rtos/TARGET_CORTEX/rtx5/RTX/Config"/>
					<Add directory="/home/uberslam/Documents/semi-autonomous-rc-car/lib/mbed-os/sources/mbed-os-5.8.3/rtos/TARGET_CORTEX/rtx5/RTX/Include"/>
					<Add directory="/home/uberslam/Documents/semi-autonomous-rc-car/lib/mbed-os/sources/mbed-os-5.8.3/rtos/TARGET_CORTEX/rtx5/RTX/Source"/>
					<Add directory="/home/uberslam/Documents/semi-autonomous-rc-car/lib/mbed-os/sources/mbed-os-5.8.3/rtos/TARGET_CORTEX/rtx5/RTX/Source/TOOLCHAIN_GCC"/>
					<Add directory="/home/uberslam/Documents/semi-autonomous-rc-car/lib/mbed-os/sources/mbed-os-5.8.3/rtos/TARGET_CORTEX/rtx5/RTX/Source/TOOLCHAIN_GCC/TARGET_M3"/>
					<Add directory="/home/uberslam/Documents/semi-autonomous-rc-car/lib/mbed-os/sources/mbed-os-5.8.3/rtos/TARGET_CORTEX/rtx5/Source"/>
					<Add directory="/home/uberslam/Documents/semi-autonomous-rc-car/lib/mbed-os/sources/mbed-os-5.8.3/targets"/>
					<Add directory="/home/uberslam/Documents/semi-autonomous-rc-car/lib/mbed-os/sources/mbed-os-5.8.3/targets/TARGET_Silicon_Labs"/>
					<Add directory="/home/uberslam/Documents/semi-autonomous-rc-car/lib/mbed-os/sources/mbed-os-5.8.3/targets/TARGET_Silicon_Labs/TARGET_EFM32"/>
					<Add directory="/home/uberslam/Documents/semi-autonomous-rc-car/lib/mbed-os/sources/mbed-os-5.8.3/targets/TARGET_Silicon_Labs/TARGET_EFM32/TARGET_EFM32GG"/>
					<Add directory="/home/uberslam/Documents/semi-autonomous-rc-car/lib/mbed-os/sources/mbed-os-5.8.3/targets/TARGET_Silicon_Labs/TARGET_EFM32/TARGET_EFM32GG/TARGET_EFM32GG_STK3700"/>
					<Add directory="/home/uberslam/Documents/semi-autonomous-rc-car/lib/mbed-os/sources/mbed-os-5.8.3/targets/TARGET_Silicon_Labs/TARGET_EFM32/TARGET_EFM32GG/device"/>
					<Add directory="/home/uberslam/Documents/semi-autonomous-rc-car/lib/mbed-os/sources/mbed-os-5.8.3/targets/TARGET_Silicon_Labs/TARGET_EFM32/TARGET_EFM32GG/device/TARGET_1024K"/>
					<Add directory="/home/uberslam/Documents/semi-autonomous-rc-car/lib/mbed-os/sources/mbed-os-5.8.3/targets/TARGET_Silicon_Labs/TARGET_EFM32/TARGET_EFM32GG/device/TARGET_1024K/TOOLCHAIN_GCC_ARM"/>
					<Add directory="/home/uberslam/Documents/semi-autonomous-rc-car/lib/mbed-os/sources/mbed-os-5.8.3/targets/TARGET_Silicon_Labs/TARGET_EFM32/common"/>
					<Add directory="/home/uberslam/Documents/semi-autonomous-rc-car/lib/mbed-os/sources/mbed-os-5.8.3/targets/TARGET_Silicon_Labs/TARGET_EFM32/emlib"/>
					<Add directory="/home/uberslam/Documents/semi-autonomous-rc-car/lib/mbed-os/sources/mbed-os-5.8.3/targets/TARGET_Silicon_Labs/TARGET_EFM32/emlib/inc"/>
					<Add directory="/home/uberslam/Documents/semi-autonomous-rc-car/lib/mbed-os/sources/mbed-os-5.8.3/targets/TARGET_Silicon_Labs/TARGET_EFM32/emlib/src"/>
					<Add directory="/home/uberslam/Documents/semi-autonomous-rc-car/lib/mbed-os/sources/mbed-os-5.8.3/targets/TARGET_Silicon_Labs/TARGET_EFM32/trng"/>
					<Add directory="/home/uberslam/Documents/semi-autonomous-rc-car/include"/>
					<Add directory="/home/uberslam/Documents/semi-autonomous-rc-car/core/command-dispatcher/include"/>
					<Add directory="/home/uberslam/Documents/semi-autonomous-rc-car/core/HTU21D"/>
					<Add directory="/home/uberslam/Documents/semi-autonomous-rc-car/core/MPL3115A2"/>
					<Add directory="/home/uberslam/Documents/semi-autonomous-rc-car/core/ALS31300"/>
					<Add directory="/home/uberslam/Documents/semi-autonomous-rc-car/core/LCDDisplay"/>
					<Add directory="/home/uberslam/Documents/semi-autonomous-rc-car/lib/mbed-os/libs/EFM32GG_STK3700"/>
					<Add directory="/home/uberslam/Documents/semi-autonomous-rc-car/lib/mbed-os/config/EFM32GG_STK3700"/>
					<Add directory="/home/uberslam/Documents/semi-autonomous-rc-car/tools/arm-gcc-toolchain/gcc-arm-none-eabi-7-2017-q4-major/bin/../lib/gcc/arm-none-eabi/7.2.1/../../../../arm-none-eabi/include/c++/7.2.1"/>
					<Add directory="/home/uberslam/Documents/semi-autonomous-rc-car/tools/arm-gcc-toolchain/gcc-arm-none-eabi-7-2017-q4-major/bin/../lib/gcc/arm-none-eabi/7.2.1/../../../../arm-none-eabi/include/c++/7.2.1/arm-none-eabi"/>
					<Add directory="/home/uberslam/Documents/semi-autonomous-rc-car/tools/arm-gcc-toolchain/gcc-arm-none-eabi-7-2017-q4-major/bin/../lib/gcc/arm-none-eabi/7.2.1/../../../../arm-none-eabi/include/c++/7.2.1/backward"/>
					<Add directory="/home/uberslam/Documents/semi-autonomous-rc-car/tools/arm-gcc-toolchain/gcc-arm-none-eabi-7-2017-q4-major/bin/../lib/gcc/arm-none-eabi/7.2.1/include"/>
					<Add directory="/home/uberslam/Documents/semi-autonomous-rc-car/tools/arm-gcc-toolchain/gcc-arm-none-eabi-7-2017-q4-major/bin/../lib/gcc/arm-none-eabi/7.2.1/include-fixed"/>
					<Add directory="/home/uberslam/Documents/semi-autonomous-rc-car/tools/arm-gcc-toolchain/gcc-arm-none-eabi-7-2017-q4-major/bin/../lib/gcc/arm-none-eabi/7.2.1/../../../../arm-none-eabi/include"/>
				</Compiler>
				<MakeCommands>
					<Build command="/usr/bin/make -j12 -f &quot;/home/uberslam/Documents/semi-autonomous-rc-car/release/Makefile&quot;  VERBOSE=1 remote_control_car/fast"/>
					<CompileFile command="/usr/bin/make -j12 -f &quot;/home/uberslam/Documents/semi-autonomous-rc-car/release/Makefile&quot;  VERBOSE=1 &quot;$file&quot;"/>
					<Clean command="/usr/bin/make -j12 -f &quot;/home/uberslam/Documents/semi-autonomous-rc-car/release/Makefile&quot;  VERBOSE=1 clean"/>
					<DistClean command="/usr/bin/make -j12 -f &quot;/home/uberslam/Documents/semi-autonomous-rc-car/release/Makefile&quot;  VERBOSE=1 clean"/>
				</MakeCommands>
			</Target>
			<Target title="edit_cache">
				<Option working_dir="/home/uberslam/Documents/semi-autonomous-rc-car/release"/>
				<Option type="4"/>
				<MakeCommands>
					<Build command="/usr/bin/make -j12 -f &quot;/home/uberslam/Documents/semi-autonomous-rc-car/release/Makefile&quot;  VERBOSE=1 edit_cache"/>
					<CompileFile command="/usr/bin/make -j12 -f &quot;/home/uberslam/Documents/semi-autonomous-rc-car/release/Makefile&quot;  VERBOSE=1 &quot;$file&quot;"/>
					<Clean command="/usr/bin/make -j12 -f &quot;/home/uberslam/Documents/semi-autonomous-rc-car/release/Makefile&quot;  VERBOSE=1 clean"/>
					<DistClean command="/usr/bin/make -j12 -f &quot;/home/uberslam/Documents/semi-autonomous-rc-car/release/Makefile&quot;  VERBOSE=1 clean"/>
				</MakeCommands>
			</Target>
		</Build>
		<Unit filename="/home/uberslam/Documents/semi-autonomous-rc-car/core/ALS31300/ALS31300.cpp">
			<Option target="remote_control_car"/>
		</Unit>
		<Unit filename="/home/uberslam/Documents/semi-autonomous-rc-car/core/ALS31300/ALS31300.h">
			<Option target="remote_control_car"/>
		</Unit>
		<Unit filename="/home/uberslam/Documents/semi-autonomous-rc-car/core/HTU21D/HTU21D.cpp">
			<Option target="remote_control_car"/>
		</Unit>
		<Unit filename="/home/uberslam/Documents/semi-autonomous-rc-car/core/HTU21D/HTU21D.h">
			<Option target="remote_control_car"/>
		</Unit>
		<Unit filename="/home/uberslam/Documents/semi-autonomous-rc-car/core/MPL3115A2/Altitude.cpp">
			<Option target="remote_control_car"/>
		</Unit>
		<Unit filename="/home/uberslam/Documents/semi-autonomous-rc-car/core/MPL3115A2/Altitude.h">
			<Option target="remote_control_car"/>
		</Unit>
		<Unit filename="/home/uberslam/Documents/semi-autonomous-rc-car/core/MPL3115A2/MPL3115A2.cpp">
			<Option target="remote_control_car"/>
		</Unit>
		<Unit filename="/home/uberslam/Documents/semi-autonomous-rc-car/core/MPL3115A2/MPL3115A2.h">
			<Option target="remote_control_car"/>
		</Unit>
		<Unit filename="/home/uberslam/Documents/semi-autonomous-rc-car/core/MPL3115A2/Pressure.cpp">
			<Option target="remote_control_car"/>
		</Unit>
		<Unit filename="/home/uberslam/Documents/semi-autonomous-rc-car/core/MPL3115A2/Pressure.h">
			<Option target="remote_control_car"/>
		</Unit>
		<Unit filename="/home/uberslam/Documents/semi-autonomous-rc-car/core/MPL3115A2/Temperature.cpp">
			<Option target="remote_control_car"/>
		</Unit>
		<Unit filename="/home/uberslam/Documents/semi-autonomous-rc-car/core/MPL3115A2/Temperature.h">
			<Option target="remote_control_car"/>
		</Unit>
		<Unit filename="/home/uberslam/Documents/semi-autonomous-rc-car/core/command-dispatcher/src/PlatformInterface.cpp">
			<Option target="remote_control_car"/>
		</Unit>
		<Unit filename="/home/uberslam/Documents/semi-autonomous-rc-car/src/Commands.cpp">
			<Option target="remote_control_car"/>
		</Unit>
		<Unit filename="/home/uberslam/Documents/semi-autonomous-rc-car/src/UARTHandler.cpp">
			<Option target="remote_control_car"/>
		</Unit>
		<Unit filename="/home/uberslam/Documents/semi-autonomous-rc-car/src/main.cpp">
			<Option target="remote_control_car"/>
		</Unit>
		<Unit filename="/home/uberslam/Documents/semi-autonomous-rc-car/CMakeLists.txt">
			<Option virtualFolder="CMake Files\"/>
		</Unit>
		<Unit filename="/home/uberslam/Documents/semi-autonomous-rc-car/tools/CMakeModules/application_functions.cmake">
			<Option virtualFolder="CMake Files\tools\CMakeModules\"/>
		</Unit>
		<Unit filename="/home/uberslam/Documents/semi-autonomous-rc-car/tools/CMakeModules/gcc_arm_toolchain.cmake">
			<Option virtualFolder="CMake Files\tools\CMakeModules\"/>
		</Unit>
		<Unit filename="/home/uberslam/Documents/semi-autonomous-rc-car/tools/CMakeModules/git_mbed.cmake">
			<Option virtualFolder="CMake Files\tools\CMakeModules\"/>
		</Unit>
		<Unit filename="/home/uberslam/Documents/semi-autonomous-rc-car/tools/CMakeModules/mbed_EFM32GG990F1024.cmake">
			<Option virtualFolder="CMake Files\tools\CMakeModules\"/>
		</Unit>
		<Unit filename="/home/uberslam/Documents/semi-autonomous-rc-car/tools/CMakeModules/target_EFM32GG990F1024.cmake">
			<Option virtualFolder="CMake Files\tools\CMakeModules\"/>
		</Unit>
		<Unit filename="/home/uberslam/Documents/semi-autonomous-rc-car/core/HTU21D/HTU21D.cmake">
			<Option virtualFolder="CMake Files\core\HTU21D\"/>
		</Unit>
		<Unit filename="/home/uberslam/Documents/semi-autonomous-rc-car/core/MPL3115A2/MPL3115A2.cmake">
			<Option virtualFolder="CMake Files\core\MPL3115A2\"/>
		</Unit>
		<Unit filename="/home/uberslam/Documents/semi-autonomous-rc-car/core/ALS31300/ALS31300.cmake">
			<Option virtualFolder="CMake Files\core\ALS31300\"/>
		</Unit>
	</Project>
</CodeBlocks_project_file>
